PODS:
  - HaishinKit (1.0.12):
    - Logboard (~> 2.1.3)
  - Logboard (2.1.3)
  - Realm (5.3.0):
    - Realm/Headers (= 5.3.0)
  - Realm/Headers (5.3.0)
  - RealmSwift (5.3.0):
    - Realm (= 5.3.0)
  - SDWebImage (5.8.4):
    - SDWebImage/Core (= 5.8.4)
  - SDWebImage/Core (5.8.4)
  - Toast-Swift (5.0.1)

DEPENDENCIES:
  - HaishinKit (~> 1.0.12)
  - RealmSwift
  - SDWebImage (~> 5.0)
  - Toast-Swift (~> 5.0.1)

SPEC REPOS:
  https://github.com/cocoapods/specs.git:
    - HaishinKit
    - Logboard
    - Realm
    - RealmSwift
    - SDWebImage
    - Toast-Swift

SPEC CHECKSUMS:
  HaishinKit: e3e51052833cb7e39e67beebbc74822649a7dcae
  Logboard: e74ec2d9941abd22f4db3a3ddcd0735011df92c7
  Realm: 81b533e4d02518e3e36a702d43a716b48bf89ed6
  RealmSwift: d8954b0c203d532cfa8412ab18e2da01eb071aa4
  SDWebImage: cf6922231e95550934da2ada0f20f2becf2ceba9
  Toast-Swift: 9b6a70f28b3bf0b96c40d46c0c4b9d6639846711

PODFILE CHECKSUM: 7d8c10ea5468dbff5337b0ddbf24dfca13ff1840

COCOAPODS: 1.7.5
